
Microsoft Visual Studio Solution File, Format Version 12.00
# Visual Studio Version 17
VisualStudioVersion = 17.0.32112.339
MinimumVisualStudioVersion = 10.0.40219.1
Project("{FAE04EC0-301F-11D3-BF4B-00C04F79EFBC}") = "Season", "Shop\Season.csproj", "{EA04C364-3FBE-41E7-845F-5D75B441BF4F}"
EndProject
Global
	GlobalSection(SolutionConfigurationPlatforms) = preSolution
		Debug|Any CPU = Debug|Any CPU
		Release|Any CPU = Release|Any CPU
	EndGlobalSection
	GlobalSection(ProjectConfigurationPlatforms) = postSolution
		{EA04C364-3FBE-41E7-845F-5D75B441BF4F}.Debug|Any CPU.ActiveCfg = Debug|Any CPU
		{EA04C364-3FBE-41E7-845F-5D75B441BF4F}.Debug|Any CPU.Build.0 = Debug|Any CPU
		{EA04C364-3FBE-41E7-845F-5D75B441BF4F}.Release|Any CPU.ActiveCfg = Release|Any CPU
		{EA04C364-3FBE-41E7-845F-5D75B441BF4F}.Release|Any CPU.Build.0 = Release|Any CPU
	EndGlobalSection
	GlobalSection(SolutionProperties) = preSolution
		HideSolutionNode = FALSE
	EndGlobalSection
	GlobalSection(ExtensibilityGlobals) = postSolution
		SolutionGuid = {8B484921-A48C-444D-A0D2-80569E10EE58}
	EndGlobalSection
EndGlobal
