
Microsoft Visual Studio Solution File, Format Version 12.00
# Visual Studio Version 17
VisualStudioVersion = 17.0.32112.339
MinimumVisualStudioVersion = 10.0.40219.1
Project("{FAE04EC0-301F-11D3-BF4B-00C04F79EFBC}") = "Practice_If_statement_questions", "Practice_If_statement_questions\Practice_If_statement_questions.csproj", "{4E8AA14E-6689-4837-B584-6DC6D3093D7C}"
EndProject
Global
	GlobalSection(SolutionConfigurationPlatforms) = preSolution
		Debug|Any CPU = Debug|Any CPU
		Release|Any CPU = Release|Any CPU
	EndGlobalSection
	GlobalSection(ProjectConfigurationPlatforms) = postSolution
		{4E8AA14E-6689-4837-B584-6DC6D3093D7C}.Debug|Any CPU.ActiveCfg = Debug|Any CPU
		{4E8AA14E-6689-4837-B584-6DC6D3093D7C}.Debug|Any CPU.Build.0 = Debug|Any CPU
		{4E8AA14E-6689-4837-B584-6DC6D3093D7C}.Release|Any CPU.ActiveCfg = Release|Any CPU
		{4E8AA14E-6689-4837-B584-6DC6D3093D7C}.Release|Any CPU.Build.0 = Release|Any CPU
	EndGlobalSection
	GlobalSection(SolutionProperties) = preSolution
		HideSolutionNode = FALSE
	EndGlobalSection
	GlobalSection(ExtensibilityGlobals) = postSolution
		SolutionGuid = {4673E09F-6E4C-47FD-940D-D3AE43951818}
	EndGlobalSection
EndGlobal
